
Microsoft Visual Studio Solution File, Format Version 12.00
# Visual Studio 2013
VisualStudioVersion = 12.0.31101.0
MinimumVisualStudioVersion = 10.0.40219.1
Project("{FAE04EC0-301F-11D3-BF4B-00C04F79EFBC}") = "Apples4Oranges", "Apples4Oranges\Apples4Oranges\Apples4Oranges.csproj", "{518178E9-5E2C-4EDE-9280-3FF63D83ABA8}"
EndProject
Project("{FAE04EC0-301F-11D3-BF4B-00C04F79EFBC}") = "Apples4Oranges.iOS", "Apples4Oranges\Apples4Oranges.iOS\Apples4Oranges.iOS.csproj", "{0823F3F7-13A9-4318-930C-F055C3F03ADF}"
EndProject
Project("{FAE04EC0-301F-11D3-BF4B-00C04F79EFBC}") = "Apples4Oranges.Droid", "Apples4Oranges\Apples4Oranges.Droid\Apples4Oranges.Droid.csproj", "{D43A680A-6854-41D1-B9F6-89976C17D67B}"
EndProject
Project("{FAE04EC0-301F-11D3-BF4B-00C04F79EFBC}") = "Apples4Oranges.WinPhone", "Apples4Oranges\Apples4Oranges.WinPhone\Apples4Oranges.WinPhone.csproj", "{826A7F8E-AEA6-411A-93ED-2BD38EF7F26A}"
EndProject
Project("{2150E333-8FDC-42A3-9474-1A3956D46DE8}") = "Documentation", "Documentation", "{DFEF6FCE-6343-44C5-9D84-4AA62E1AA411}"
EndProject
Global
	GlobalSection(SolutionConfigurationPlatforms) = preSolution
		Ad-Hoc|Any CPU = Ad-Hoc|Any CPU
		Ad-Hoc|ARM = Ad-Hoc|ARM
		Ad-Hoc|iPhone = Ad-Hoc|iPhone
		Ad-Hoc|iPhoneSimulator = Ad-Hoc|iPhoneSimulator
		Ad-Hoc|Mixed Platforms = Ad-Hoc|Mixed Platforms
		Ad-Hoc|x86 = Ad-Hoc|x86
		AppStore|Any CPU = AppStore|Any CPU
		AppStore|ARM = AppStore|ARM
		AppStore|iPhone = AppStore|iPhone
		AppStore|iPhoneSimulator = AppStore|iPhoneSimulator
		AppStore|Mixed Platforms = AppStore|Mixed Platforms
		AppStore|x86 = AppStore|x86
		Debug|Any CPU = Debug|Any CPU
		Debug|ARM = Debug|ARM
		Debug|iPhone = Debug|iPhone
		Debug|iPhoneSimulator = Debug|iPhoneSimulator
		Debug|Mixed Platforms = Debug|Mixed Platforms
		Debug|x86 = Debug|x86
		Release|Any CPU = Release|Any CPU
		Release|ARM = Release|ARM
		Release|iPhone = Release|iPhone
		Release|iPhoneSimulator = Release|iPhoneSimulator
		Release|Mixed Platforms = Release|Mixed Platforms
		Release|x86 = Release|x86
	EndGlobalSection
	GlobalSection(ProjectConfigurationPlatforms) = postSolution
		{518178E9-5E2C-4EDE-9280-3FF63D83ABA8}.Ad-Hoc|Any CPU.ActiveCfg = Release|Any CPU
		{518178E9-5E2C-4EDE-9280-3FF63D83ABA8}.Ad-Hoc|Any CPU.Build.0 = Release|Any CPU
		{518178E9-5E2C-4EDE-9280-3FF63D83ABA8}.Ad-Hoc|ARM.ActiveCfg = Release|Any CPU
		{518178E9-5E2C-4EDE-9280-3FF63D83ABA8}.Ad-Hoc|iPhone.ActiveCfg = Release|Any CPU
		{518178E9-5E2C-4EDE-9280-3FF63D83ABA8}.Ad-Hoc|iPhoneSimulator.ActiveCfg = Release|Any CPU
		{518178E9-5E2C-4EDE-9280-3FF63D83ABA8}.Ad-Hoc|Mixed Platforms.ActiveCfg = Release|Any CPU
		{518178E9-5E2C-4EDE-9280-3FF63D83ABA8}.Ad-Hoc|Mixed Platforms.Build.0 = Release|Any CPU
		{518178E9-5E2C-4EDE-9280-3FF63D83ABA8}.Ad-Hoc|x86.ActiveCfg = Release|Any CPU
		{518178E9-5E2C-4EDE-9280-3FF63D83ABA8}.AppStore|Any CPU.ActiveCfg = Release|Any CPU
		{518178E9-5E2C-4EDE-9280-3FF63D83ABA8}.AppStore|Any CPU.Build.0 = Release|Any CPU
		{518178E9-5E2C-4EDE-9280-3FF63D83ABA8}.AppStore|ARM.ActiveCfg = Release|Any CPU
		{518178E9-5E2C-4EDE-9280-3FF63D83ABA8}.AppStore|iPhone.ActiveCfg = Release|Any CPU
		{518178E9-5E2C-4EDE-9280-3FF63D83ABA8}.AppStore|iPhoneSimulator.ActiveCfg = Release|Any CPU
		{518178E9-5E2C-4EDE-9280-3FF63D83ABA8}.AppStore|Mixed Platforms.ActiveCfg = Release|Any CPU
		{518178E9-5E2C-4EDE-9280-3FF63D83ABA8}.AppStore|Mixed Platforms.Build.0 = Release|Any CPU
		{518178E9-5E2C-4EDE-9280-3FF63D83ABA8}.AppStore|x86.ActiveCfg = Release|Any CPU
		{518178E9-5E2C-4EDE-9280-3FF63D83ABA8}.Debug|Any CPU.ActiveCfg = Debug|Any CPU
		{518178E9-5E2C-4EDE-9280-3FF63D83ABA8}.Debug|Any CPU.Build.0 = Debug|Any CPU
		{518178E9-5E2C-4EDE-9280-3FF63D83ABA8}.Debug|ARM.ActiveCfg = Debug|Any CPU
		{518178E9-5E2C-4EDE-9280-3FF63D83ABA8}.Debug|iPhone.ActiveCfg = Debug|Any CPU
		{518178E9-5E2C-4EDE-9280-3FF63D83ABA8}.Debug|iPhoneSimulator.ActiveCfg = Debug|Any CPU
		{518178E9-5E2C-4EDE-9280-3FF63D83ABA8}.Debug|iPhoneSimulator.Build.0 = Debug|Any CPU
		{518178E9-5E2C-4EDE-9280-3FF63D83ABA8}.Debug|Mixed Platforms.ActiveCfg = Debug|Any CPU
		{518178E9-5E2C-4EDE-9280-3FF63D83ABA8}.Debug|Mixed Platforms.Build.0 = Debug|Any CPU
		{518178E9-5E2C-4EDE-9280-3FF63D83ABA8}.Debug|x86.ActiveCfg = Debug|Any CPU
		{518178E9-5E2C-4EDE-9280-3FF63D83ABA8}.Release|Any CPU.ActiveCfg = Release|Any CPU
		{518178E9-5E2C-4EDE-9280-3FF63D83ABA8}.Release|Any CPU.Build.0 = Release|Any CPU
		{518178E9-5E2C-4EDE-9280-3FF63D83ABA8}.Release|ARM.ActiveCfg = Release|Any CPU
		{518178E9-5E2C-4EDE-9280-3FF63D83ABA8}.Release|iPhone.ActiveCfg = Release|Any CPU
		{518178E9-5E2C-4EDE-9280-3FF63D83ABA8}.Release|iPhoneSimulator.ActiveCfg = Release|Any CPU
		{518178E9-5E2C-4EDE-9280-3FF63D83ABA8}.Release|Mixed Platforms.ActiveCfg = Release|Any CPU
		{518178E9-5E2C-4EDE-9280-3FF63D83ABA8}.Release|Mixed Platforms.Build.0 = Release|Any CPU
		{518178E9-5E2C-4EDE-9280-3FF63D83ABA8}.Release|x86.ActiveCfg = Release|Any CPU
		{0823F3F7-13A9-4318-930C-F055C3F03ADF}.Ad-Hoc|Any CPU.ActiveCfg = Ad-Hoc|iPhone
		{0823F3F7-13A9-4318-930C-F055C3F03ADF}.Ad-Hoc|ARM.ActiveCfg = Ad-Hoc|iPhone
		{0823F3F7-13A9-4318-930C-F055C3F03ADF}.Ad-Hoc|iPhone.ActiveCfg = Ad-Hoc|iPhone
		{0823F3F7-13A9-4318-930C-F055C3F03ADF}.Ad-Hoc|iPhone.Build.0 = Ad-Hoc|iPhone
		{0823F3F7-13A9-4318-930C-F055C3F03ADF}.Ad-Hoc|iPhoneSimulator.ActiveCfg = Ad-Hoc|iPhoneSimulator
		{0823F3F7-13A9-4318-930C-F055C3F03ADF}.Ad-Hoc|iPhoneSimulator.Build.0 = Ad-Hoc|iPhoneSimulator
		{0823F3F7-13A9-4318-930C-F055C3F03ADF}.Ad-Hoc|Mixed Platforms.ActiveCfg = Ad-Hoc|iPhone
		{0823F3F7-13A9-4318-930C-F055C3F03ADF}.Ad-Hoc|Mixed Platforms.Build.0 = Ad-Hoc|iPhone
		{0823F3F7-13A9-4318-930C-F055C3F03ADF}.Ad-Hoc|x86.ActiveCfg = Ad-Hoc|iPhone
		{0823F3F7-13A9-4318-930C-F055C3F03ADF}.AppStore|Any CPU.ActiveCfg = AppStore|iPhone
		{0823F3F7-13A9-4318-930C-F055C3F03ADF}.AppStore|ARM.ActiveCfg = AppStore|iPhone
		{0823F3F7-13A9-4318-930C-F055C3F03ADF}.AppStore|iPhone.ActiveCfg = AppStore|iPhone
		{0823F3F7-13A9-4318-930C-F055C3F03ADF}.AppStore|iPhone.Build.0 = AppStore|iPhone
		{0823F3F7-13A9-4318-930C-F055C3F03ADF}.AppStore|iPhoneSimulator.ActiveCfg = AppStore|iPhoneSimulator
		{0823F3F7-13A9-4318-930C-F055C3F03ADF}.AppStore|iPhoneSimulator.Build.0 = AppStore|iPhoneSimulator
		{0823F3F7-13A9-4318-930C-F055C3F03ADF}.AppStore|Mixed Platforms.ActiveCfg = AppStore|iPhone
		{0823F3F7-13A9-4318-930C-F055C3F03ADF}.AppStore|Mixed Platforms.Build.0 = AppStore|iPhone
		{0823F3F7-13A9-4318-930C-F055C3F03ADF}.AppStore|x86.ActiveCfg = AppStore|iPhone
		{0823F3F7-13A9-4318-930C-F055C3F03ADF}.Debug|Any CPU.ActiveCfg = Debug|iPhone
		{0823F3F7-13A9-4318-930C-F055C3F03ADF}.Debug|ARM.ActiveCfg = Debug|iPhone
		{0823F3F7-13A9-4318-930C-F055C3F03ADF}.Debug|iPhone.ActiveCfg = Debug|iPhone
		{0823F3F7-13A9-4318-930C-F055C3F03ADF}.Debug|iPhone.Build.0 = Debug|iPhone
		{0823F3F7-13A9-4318-930C-F055C3F03ADF}.Debug|iPhoneSimulator.ActiveCfg = Debug|iPhoneSimulator
		{0823F3F7-13A9-4318-930C-F055C3F03ADF}.Debug|iPhoneSimulator.Build.0 = Debug|iPhoneSimulator
		{0823F3F7-13A9-4318-930C-F055C3F03ADF}.Debug|Mixed Platforms.ActiveCfg = Debug|iPhone
		{0823F3F7-13A9-4318-930C-F055C3F03ADF}.Debug|Mixed Platforms.Build.0 = Debug|iPhone
		{0823F3F7-13A9-4318-930C-F055C3F03ADF}.Debug|x86.ActiveCfg = Debug|iPhone
		{0823F3F7-13A9-4318-930C-F055C3F03ADF}.Release|Any CPU.ActiveCfg = Release|iPhone
		{0823F3F7-13A9-4318-930C-F055C3F03ADF}.Release|ARM.ActiveCfg = Release|iPhone
		{0823F3F7-13A9-4318-930C-F055C3F03ADF}.Release|iPhone.ActiveCfg = Release|iPhone
		{0823F3F7-13A9-4318-930C-F055C3F03ADF}.Release|iPhone.Build.0 = Release|iPhone
		{0823F3F7-13A9-4318-930C-F055C3F03ADF}.Release|iPhoneSimulator.ActiveCfg = Release|iPhoneSimulator
		{0823F3F7-13A9-4318-930C-F055C3F03ADF}.Release|iPhoneSimulator.Build.0 = Release|iPhoneSimulator
		{0823F3F7-13A9-4318-930C-F055C3F03ADF}.Release|Mixed Platforms.ActiveCfg = Release|iPhone
		{0823F3F7-13A9-4318-930C-F055C3F03ADF}.Release|Mixed Platforms.Build.0 = Release|iPhone
		{0823F3F7-13A9-4318-930C-F055C3F03ADF}.Release|x86.ActiveCfg = Release|iPhone
		{D43A680A-6854-41D1-B9F6-89976C17D67B}.Ad-Hoc|Any CPU.ActiveCfg = Release|Any CPU
		{D43A680A-6854-41D1-B9F6-89976C17D67B}.Ad-Hoc|Any CPU.Build.0 = Release|Any CPU
		{D43A680A-6854-41D1-B9F6-89976C17D67B}.Ad-Hoc|Any CPU.Deploy.0 = Release|Any CPU
		{D43A680A-6854-41D1-B9F6-89976C17D67B}.Ad-Hoc|ARM.ActiveCfg = Release|Any CPU
		{D43A680A-6854-41D1-B9F6-89976C17D67B}.Ad-Hoc|iPhone.ActiveCfg = Release|Any CPU
		{D43A680A-6854-41D1-B9F6-89976C17D67B}.Ad-Hoc|iPhoneSimulator.ActiveCfg = Release|Any CPU
		{D43A680A-6854-41D1-B9F6-89976C17D67B}.Ad-Hoc|Mixed Platforms.ActiveCfg = Release|Any CPU
		{D43A680A-6854-41D1-B9F6-89976C17D67B}.Ad-Hoc|Mixed Platforms.Build.0 = Release|Any CPU
		{D43A680A-6854-41D1-B9F6-89976C17D67B}.Ad-Hoc|Mixed Platforms.Deploy.0 = Release|Any CPU
		{D43A680A-6854-41D1-B9F6-89976C17D67B}.Ad-Hoc|x86.ActiveCfg = Release|Any CPU
		{D43A680A-6854-41D1-B9F6-89976C17D67B}.AppStore|Any CPU.ActiveCfg = Release|Any CPU
		{D43A680A-6854-41D1-B9F6-89976C17D67B}.AppStore|Any CPU.Build.0 = Release|Any CPU
		{D43A680A-6854-41D1-B9F6-89976C17D67B}.AppStore|Any CPU.Deploy.0 = Release|Any CPU
		{D43A680A-6854-41D1-B9F6-89976C17D67B}.AppStore|ARM.ActiveCfg = Release|Any CPU
		{D43A680A-6854-41D1-B9F6-89976C17D67B}.AppStore|iPhone.ActiveCfg = Release|Any CPU
		{D43A680A-6854-41D1-B9F6-89976C17D67B}.AppStore|iPhoneSimulator.ActiveCfg = Release|Any CPU
		{D43A680A-6854-41D1-B9F6-89976C17D67B}.AppStore|Mixed Platforms.ActiveCfg = Release|Any CPU
		{D43A680A-6854-41D1-B9F6-89976C17D67B}.AppStore|Mixed Platforms.Build.0 = Release|Any CPU
		{D43A680A-6854-41D1-B9F6-89976C17D67B}.AppStore|Mixed Platforms.Deploy.0 = Release|Any CPU
		{D43A680A-6854-41D1-B9F6-89976C17D67B}.AppStore|x86.ActiveCfg = Release|Any CPU
		{D43A680A-6854-41D1-B9F6-89976C17D67B}.Debug|Any CPU.ActiveCfg = Debug|Any CPU
		{D43A680A-6854-41D1-B9F6-89976C17D67B}.Debug|Any CPU.Build.0 = Debug|Any CPU
		{D43A680A-6854-41D1-B9F6-89976C17D67B}.Debug|Any CPU.Deploy.0 = Debug|Any CPU
		{D43A680A-6854-41D1-B9F6-89976C17D67B}.Debug|ARM.ActiveCfg = Debug|Any CPU
		{D43A680A-6854-41D1-B9F6-89976C17D67B}.Debug|iPhone.ActiveCfg = Debug|Any CPU
		{D43A680A-6854-41D1-B9F6-89976C17D67B}.Debug|iPhoneSimulator.ActiveCfg = Debug|Any CPU
		{D43A680A-6854-41D1-B9F6-89976C17D67B}.Debug|Mixed Platforms.ActiveCfg = Debug|Any CPU
		{D43A680A-6854-41D1-B9F6-89976C17D67B}.Debug|x86.ActiveCfg = Debug|Any CPU
		{D43A680A-6854-41D1-B9F6-89976C17D67B}.Release|Any CPU.ActiveCfg = Release|Any CPU
		{D43A680A-6854-41D1-B9F6-89976C17D67B}.Release|Any CPU.Build.0 = Release|Any CPU
		{D43A680A-6854-41D1-B9F6-89976C17D67B}.Release|Any CPU.Deploy.0 = Release|Any CPU
		{D43A680A-6854-41D1-B9F6-89976C17D67B}.Release|ARM.ActiveCfg = Release|Any CPU
		{D43A680A-6854-41D1-B9F6-89976C17D67B}.Release|iPhone.ActiveCfg = Release|Any CPU
		{D43A680A-6854-41D1-B9F6-89976C17D67B}.Release|iPhoneSimulator.ActiveCfg = Release|Any CPU
		{D43A680A-6854-41D1-B9F6-89976C17D67B}.Release|Mixed Platforms.ActiveCfg = Release|Any CPU
		{D43A680A-6854-41D1-B9F6-89976C17D67B}.Release|Mixed Platforms.Build.0 = Release|Any CPU
		{D43A680A-6854-41D1-B9F6-89976C17D67B}.Release|Mixed Platforms.Deploy.0 = Release|Any CPU
		{D43A680A-6854-41D1-B9F6-89976C17D67B}.Release|x86.ActiveCfg = Release|Any CPU
		{826A7F8E-AEA6-411A-93ED-2BD38EF7F26A}.Ad-Hoc|Any CPU.ActiveCfg = Release|Any CPU
		{826A7F8E-AEA6-411A-93ED-2BD38EF7F26A}.Ad-Hoc|Any CPU.Build.0 = Release|Any CPU
		{826A7F8E-AEA6-411A-93ED-2BD38EF7F26A}.Ad-Hoc|Any CPU.Deploy.0 = Release|Any CPU
		{826A7F8E-AEA6-411A-93ED-2BD38EF7F26A}.Ad-Hoc|ARM.ActiveCfg = Release|ARM
		{826A7F8E-AEA6-411A-93ED-2BD38EF7F26A}.Ad-Hoc|ARM.Build.0 = Release|ARM
		{826A7F8E-AEA6-411A-93ED-2BD38EF7F26A}.Ad-Hoc|ARM.Deploy.0 = Release|ARM
		{826A7F8E-AEA6-411A-93ED-2BD38EF7F26A}.Ad-Hoc|iPhone.ActiveCfg = Release|Any CPU
		{826A7F8E-AEA6-411A-93ED-2BD38EF7F26A}.Ad-Hoc|iPhoneSimulator.ActiveCfg = Release|Any CPU
		{826A7F8E-AEA6-411A-93ED-2BD38EF7F26A}.Ad-Hoc|Mixed Platforms.ActiveCfg = Release|x86
		{826A7F8E-AEA6-411A-93ED-2BD38EF7F26A}.Ad-Hoc|Mixed Platforms.Build.0 = Release|x86
		{826A7F8E-AEA6-411A-93ED-2BD38EF7F26A}.Ad-Hoc|Mixed Platforms.Deploy.0 = Release|x86
		{826A7F8E-AEA6-411A-93ED-2BD38EF7F26A}.Ad-Hoc|x86.ActiveCfg = Release|x86
		{826A7F8E-AEA6-411A-93ED-2BD38EF7F26A}.Ad-Hoc|x86.Build.0 = Release|x86
		{826A7F8E-AEA6-411A-93ED-2BD38EF7F26A}.Ad-Hoc|x86.Deploy.0 = Release|x86
		{826A7F8E-AEA6-411A-93ED-2BD38EF7F26A}.AppStore|Any CPU.ActiveCfg = Release|Any CPU
		{826A7F8E-AEA6-411A-93ED-2BD38EF7F26A}.AppStore|Any CPU.Build.0 = Release|Any CPU
		{826A7F8E-AEA6-411A-93ED-2BD38EF7F26A}.AppStore|Any CPU.Deploy.0 = Release|Any CPU
		{826A7F8E-AEA6-411A-93ED-2BD38EF7F26A}.AppStore|ARM.ActiveCfg = Release|ARM
		{826A7F8E-AEA6-411A-93ED-2BD38EF7F26A}.AppStore|ARM.Build.0 = Release|ARM
		{826A7F8E-AEA6-411A-93ED-2BD38EF7F26A}.AppStore|ARM.Deploy.0 = Release|ARM
		{826A7F8E-AEA6-411A-93ED-2BD38EF7F26A}.AppStore|iPhone.ActiveCfg = Release|Any CPU
		{826A7F8E-AEA6-411A-93ED-2BD38EF7F26A}.AppStore|iPhoneSimulator.ActiveCfg = Release|Any CPU
		{826A7F8E-AEA6-411A-93ED-2BD38EF7F26A}.AppStore|Mixed Platforms.ActiveCfg = Release|x86
		{826A7F8E-AEA6-411A-93ED-2BD38EF7F26A}.AppStore|Mixed Platforms.Build.0 = Release|x86
		{826A7F8E-AEA6-411A-93ED-2BD38EF7F26A}.AppStore|Mixed Platforms.Deploy.0 = Release|x86
		{826A7F8E-AEA6-411A-93ED-2BD38EF7F26A}.AppStore|x86.ActiveCfg = Release|x86
		{826A7F8E-AEA6-411A-93ED-2BD38EF7F26A}.AppStore|x86.Build.0 = Release|x86
		{826A7F8E-AEA6-411A-93ED-2BD38EF7F26A}.AppStore|x86.Deploy.0 = Release|x86
		{826A7F8E-AEA6-411A-93ED-2BD38EF7F26A}.Debug|Any CPU.ActiveCfg = Debug|Any CPU
		{826A7F8E-AEA6-411A-93ED-2BD38EF7F26A}.Debug|Any CPU.Build.0 = Debug|Any CPU
		{826A7F8E-AEA6-411A-93ED-2BD38EF7F26A}.Debug|Any CPU.Deploy.0 = Debug|Any CPU
		{826A7F8E-AEA6-411A-93ED-2BD38EF7F26A}.Debug|ARM.ActiveCfg = Debug|ARM
		{826A7F8E-AEA6-411A-93ED-2BD38EF7F26A}.Debug|ARM.Build.0 = Debug|ARM
		{826A7F8E-AEA6-411A-93ED-2BD38EF7F26A}.Debug|ARM.Deploy.0 = Debug|ARM
		{826A7F8E-AEA6-411A-93ED-2BD38EF7F26A}.Debug|iPhone.ActiveCfg = Debug|Any CPU
		{826A7F8E-AEA6-411A-93ED-2BD38EF7F26A}.Debug|iPhoneSimulator.ActiveCfg = Debug|Any CPU
		{826A7F8E-AEA6-411A-93ED-2BD38EF7F26A}.Debug|Mixed Platforms.ActiveCfg = Debug|x86
		{826A7F8E-AEA6-411A-93ED-2BD38EF7F26A}.Debug|Mixed Platforms.Build.0 = Debug|x86
		{826A7F8E-AEA6-411A-93ED-2BD38EF7F26A}.Debug|Mixed Platforms.Deploy.0 = Debug|x86
		{826A7F8E-AEA6-411A-93ED-2BD38EF7F26A}.Debug|x86.ActiveCfg = Debug|x86
		{826A7F8E-AEA6-411A-93ED-2BD38EF7F26A}.Debug|x86.Build.0 = Debug|x86
		{826A7F8E-AEA6-411A-93ED-2BD38EF7F26A}.Debug|x86.Deploy.0 = Debug|x86
		{826A7F8E-AEA6-411A-93ED-2BD38EF7F26A}.Release|Any CPU.ActiveCfg = Release|Any CPU
		{826A7F8E-AEA6-411A-93ED-2BD38EF7F26A}.Release|Any CPU.Build.0 = Release|Any CPU
		{826A7F8E-AEA6-411A-93ED-2BD38EF7F26A}.Release|Any CPU.Deploy.0 = Release|Any CPU
		{826A7F8E-AEA6-411A-93ED-2BD38EF7F26A}.Release|ARM.ActiveCfg = Release|ARM
		{826A7F8E-AEA6-411A-93ED-2BD38EF7F26A}.Release|ARM.Build.0 = Release|ARM
		{826A7F8E-AEA6-411A-93ED-2BD38EF7F26A}.Release|ARM.Deploy.0 = Release|ARM
		{826A7F8E-AEA6-411A-93ED-2BD38EF7F26A}.Release|iPhone.ActiveCfg = Release|Any CPU
		{826A7F8E-AEA6-411A-93ED-2BD38EF7F26A}.Release|iPhoneSimulator.ActiveCfg = Release|Any CPU
		{826A7F8E-AEA6-411A-93ED-2BD38EF7F26A}.Release|Mixed Platforms.ActiveCfg = Release|x86
		{826A7F8E-AEA6-411A-93ED-2BD38EF7F26A}.Release|Mixed Platforms.Build.0 = Release|x86
		{826A7F8E-AEA6-411A-93ED-2BD38EF7F26A}.Release|Mixed Platforms.Deploy.0 = Release|x86
		{826A7F8E-AEA6-411A-93ED-2BD38EF7F26A}.Release|x86.ActiveCfg = Release|x86
		{826A7F8E-AEA6-411A-93ED-2BD38EF7F26A}.Release|x86.Build.0 = Release|x86
		{826A7F8E-AEA6-411A-93ED-2BD38EF7F26A}.Release|x86.Deploy.0 = Release|x86
	EndGlobalSection
	GlobalSection(SolutionProperties) = preSolution
		HideSolutionNode = FALSE
	EndGlobalSection
	GlobalSection(MonoDevelopProperties) = preSolution
		StartupItem = Apples4Oranges\Apples4Oranges.Droid\Apples4Oranges.Droid.csproj
	EndGlobalSection
EndGlobal
